<?xml version="1.0" encoding="utf-8"?>
<Project ToolsVersion="4.0" xmlns="http://schemas.microsoft.com/developer/msbuild/2003">
  <ItemGroup>
    <Filter Include="Source Files">
      <UniqueIdentifier>{4FC737F1-C7A5-4376-A066-2A32D752A2FF}</UniqueIdentifier>
      <Extensions>cpp;c;cc;cxx;c++;cppm;ixx;def;odl;idl;hpj;bat;asm;asmx</Extensions>
    </Filter>
    <Filter Include="Header Files">
      <UniqueIdentifier>{93995380-89BD-4b04-88EB-625FBE52EBFB}</UniqueIdentifier>
      <Extensions>h;hh;hpp;hxx;h++;hm;inl;inc;ipp;xsd</Extensions>
    </Filter>
    <Filter Include="Resource Files">
      <UniqueIdentifier>{67DA6AB6-F800-4c08-8B7A-83BB121AAD01}</UniqueIdentifier>
      <Extensions>rc;ico;cur;bmp;dlg;rc2;rct;bin;rgs;gif;jpg;jpeg;jpe;resx;tiff;tif;png;wav;mfcribbon-ms</Extensions>
    </Filter>
    <Filter Include="Header Files\Stat">
      <UniqueIdentifier>{9948c869-5ac5-4ccc-99e2-09d65286db33}</UniqueIdentifier>
    </Filter>
    <Filter Include="Header Files\LayerDisplay">
      <UniqueIdentifier>{e85d1493-1664-4c40-9832-98f7d1c4bcc0}</UniqueIdentifier>
    </Filter>
    <Filter Include="Header Files\Item">
      <UniqueIdentifier>{365bae41-cbfb-44fd-9412-79d583b10b28}</UniqueIdentifier>
    </Filter>
  </ItemGroup>
  <ItemGroup>
    <ClCompile Include="Main.cpp">
      <Filter>Source Files</Filter>
    </ClCompile>
  </ItemGroup>
  <ItemGroup>
    <ClInclude Include="Energy.h">
      <Filter>Header Files\Stat</Filter>
    </ClInclude>
    <ClInclude Include="Health.h">
      <Filter>Header Files\Stat</Filter>
    </ClInclude>
    <ClInclude Include="Experience.h">
      <Filter>Header Files\Stat</Filter>
    </ClInclude>
    <ClInclude Include="Stat.h">
      <Filter>Header Files\Stat</Filter>
    </ClInclude>
    <ClInclude Include="Map.h">
      <Filter>Header Files\LayerDisplay</Filter>
    </ClInclude>
    <ClInclude Include="Character.h">
      <Filter>Header Files\LayerDisplay</Filter>
    </ClInclude>
    <ClInclude Include="WindowGame.h">
      <Filter>Header Files\LayerDisplay</Filter>
    </ClInclude>
    <ClInclude Include="Item.h">
      <Filter>Header Files\Item</Filter>
    </ClInclude>
    <ClInclude Include="ItemBar.h">
      <Filter>Header Files\Item</Filter>
    </ClInclude>
    <ClInclude Include="Leveling.h">
      <Filter>Header Files\Stat</Filter>
    </ClInclude>
    <ClInclude Include="Potion.h">
      <Filter>Header Files\Item</Filter>
    </ClInclude>
    <ClInclude Include="UseItem.h">
      <Filter>Header Files\Item</Filter>
    </ClInclude>
    <ClInclude Include="Weapon.h">
      <Filter>Header Files\Item</Filter>
    </ClInclude>
    <ClInclude Include="Enemy.h">
      <Filter>Header Files\LayerDisplay</Filter>
    </ClInclude>
  </ItemGroup>
</Project>